// !$*UTF8*$!
{
	archiveVersion = 1;
	classes = {
	};
	objectVersion = 51;
	objects = {

/* Begin PBXBuildFile section */
		B1FBC5938FBCD45B91B5A9A1 /* Pods_Instagram.framework in Frameworks */ = {isa = PBXBuildFile; fileRef = EAFE1C2B390FEBA410FD9504 /* Pods_Instagram.framework */; };
		F6899A3A25E1F0530035476C /* Const.swift in Sources */ = {isa = PBXBuildFile; fileRef = F6899A3925E1F0530035476C /* Const.swift */; };
		F6899A3D25E288D60035476C /* postData.swift in Sources */ = {isa = PBXBuildFile; fileRef = F6899A3C25E288D60035476C /* postData.swift */; };
		F6899A4525E28A670035476C /* PostTableViewCell.swift in Sources */ = {isa = PBXBuildFile; fileRef = F6899A4325E28A670035476C /* PostTableViewCell.swift */; };
		F6899A4625E28A670035476C /* PostTableViewCell.xib in Resources */ = {isa = PBXBuildFile; fileRef = F6899A4425E28A670035476C /* PostTableViewCell.xib */; };
		F6AE9D0B25E0CD910067D47D /* AppDelegate.swift in Sources */ = {isa = PBXBuildFile; fileRef = F6AE9D0A25E0CD910067D47D /* AppDelegate.swift */; };
		F6AE9D0D25E0CD910067D47D /* SceneDelegate.swift in Sources */ = {isa = PBXBuildFile; fileRef = F6AE9D0C25E0CD910067D47D /* SceneDelegate.swift */; };
		F6AE9D1225E0CD910067D47D /* Main.storyboard in Resources */ = {isa = PBXBuildFile; fileRef = F6AE9D1025E0CD910067D47D /* Main.storyboard */; };
		F6AE9D1425E0CD920067D47D /* Assets.xcassets in Resources */ = {isa = PBXBuildFile; fileRef = F6AE9D1325E0CD920067D47D /* Assets.xcassets */; };
		F6AE9D1725E0CD920067D47D /* LaunchScreen.storyboard in Resources */ = {isa = PBXBuildFile; fileRef = F6AE9D1525E0CD920067D47D /* LaunchScreen.storyboard */; };
		F6AE9D2025E0CEEE0067D47D /* LoginViewController.swift in Sources */ = {isa = PBXBuildFile; fileRef = F6AE9D1F25E0CEEE0067D47D /* LoginViewController.swift */; };
		F6AE9D2325E0CF020067D47D /* HomeViewController.swift in Sources */ = {isa = PBXBuildFile; fileRef = F6AE9D2225E0CF020067D47D /* HomeViewController.swift */; };
		F6AE9D2625E0CF550067D47D /* ImageSelectViewController.swift in Sources */ = {isa = PBXBuildFile; fileRef = F6AE9D2525E0CF550067D47D /* ImageSelectViewController.swift */; };
		F6AE9D2925E0CF690067D47D /* PostViewController.swift in Sources */ = {isa = PBXBuildFile; fileRef = F6AE9D2825E0CF690067D47D /* PostViewController.swift */; };
		F6AE9D2C25E0CF7F0067D47D /* SettingViewController.swift in Sources */ = {isa = PBXBuildFile; fileRef = F6AE9D2B25E0CF7F0067D47D /* SettingViewController.swift */; };
		F6AE9D3825E0DC8E0067D47D /* TabBarController.swift in Sources */ = {isa = PBXBuildFile; fileRef = F6AE9D3725E0DC8E0067D47D /* TabBarController.swift */; };
		F6AE9D3B25E0E8EF0067D47D /* GoogleService-Info.plist in Resources */ = {isa = PBXBuildFile; fileRef = F6AE9D3A25E0E8EF0067D47D /* GoogleService-Info.plist */; };
		F6C878B1260B76E800E60BAD /* InputCommentController.swift in Sources */ = {isa = PBXBuildFile; fileRef = F6C878B0260B76E800E60BAD /* InputCommentController.swift */; };
/* End PBXBuildFile section */

/* Begin PBXFileReference section */
		B55A8D2222E05E257C86A7DF /* Pods-Instagram.debug.xcconfig */ = {isa = PBXFileReference; includeInIndex = 1; lastKnownFileType = text.xcconfig; name = "Pods-Instagram.debug.xcconfig"; path = "Target Support Files/Pods-Instagram/Pods-Instagram.debug.xcconfig"; sourceTree = "<group>"; };
		EAFE1C2B390FEBA410FD9504 /* Pods_Instagram.framework */ = {isa = PBXFileReference; explicitFileType = wrapper.framework; includeInIndex = 0; path = Pods_Instagram.framework; sourceTree = BUILT_PRODUCTS_DIR; };
		F429F67715AE5AF7022FE016 /* Pods-Instagram.release.xcconfig */ = {isa = PBXFileReference; includeInIndex = 1; lastKnownFileType = text.xcconfig; name = "Pods-Instagram.release.xcconfig"; path = "Target Support Files/Pods-Instagram/Pods-Instagram.release.xcconfig"; sourceTree = "<group>"; };
		F6899A3925E1F0530035476C /* Const.swift */ = {isa = PBXFileReference; lastKnownFileType = sourcecode.swift; path = Const.swift; sourceTree = "<group>"; };
		F6899A3C25E288D60035476C /* postData.swift */ = {isa = PBXFileReference; lastKnownFileType = sourcecode.swift; path = postData.swift; sourceTree = "<group>"; };
		F6899A4325E28A670035476C /* PostTableViewCell.swift */ = {isa = PBXFileReference; lastKnownFileType = sourcecode.swift; path = PostTableViewCell.swift; sourceTree = "<group>"; };
		F6899A4425E28A670035476C /* PostTableViewCell.xib */ = {isa = PBXFileReference; lastKnownFileType = file.xib; path = PostTableViewCell.xib; sourceTree = "<group>"; };
		F6AE9D0725E0CD910067D47D /* Instagram.app */ = {isa = PBXFileReference; explicitFileType = wrapper.application; includeInIndex = 0; path = Instagram.app; sourceTree = BUILT_PRODUCTS_DIR; };
		F6AE9D0A25E0CD910067D47D /* AppDelegate.swift */ = {isa = PBXFileReference; lastKnownFileType = sourcecode.swift; path = AppDelegate.swift; sourceTree = "<group>"; };
		F6AE9D0C25E0CD910067D47D /* SceneDelegate.swift */ = {isa = PBXFileReference; lastKnownFileType = sourcecode.swift; path = SceneDelegate.swift; sourceTree = "<group>"; };
		F6AE9D1125E0CD910067D47D /* Base */ = {isa = PBXFileReference; lastKnownFileType = file.storyboard; name = Base; path = Base.lproj/Main.storyboard; sourceTree = "<group>"; };
		F6AE9D1325E0CD920067D47D /* Assets.xcassets */ = {isa = PBXFileReference; lastKnownFileType = folder.assetcatalog; path = Assets.xcassets; sourceTree = "<group>"; };
		F6AE9D1625E0CD920067D47D /* Base */ = {isa = PBXFileReference; lastKnownFileType = file.storyboard; name = Base; path = Base.lproj/LaunchScreen.storyboard; sourceTree = "<group>"; };
		F6AE9D1825E0CD920067D47D /* Info.plist */ = {isa = PBXFileReference; lastKnownFileType = text.plist.xml; path = Info.plist; sourceTree = "<group>"; };
		F6AE9D1F25E0CEEE0067D47D /* LoginViewController.swift */ = {isa = PBXFileReference; lastKnownFileType = sourcecode.swift; path = LoginViewController.swift; sourceTree = "<group>"; };
		F6AE9D2225E0CF020067D47D /* HomeViewController.swift */ = {isa = PBXFileReference; lastKnownFileType = sourcecode.swift; path = HomeViewController.swift; sourceTree = "<group>"; };
		F6AE9D2525E0CF550067D47D /* ImageSelectViewController.swift */ = {isa = PBXFileReference; lastKnownFileType = sourcecode.swift; path = ImageSelectViewController.swift; sourceTree = "<group>"; };
		F6AE9D2825E0CF690067D47D /* PostViewController.swift */ = {isa = PBXFileReference; lastKnownFileType = sourcecode.swift; path = PostViewController.swift; sourceTree = "<group>"; };
		F6AE9D2B25E0CF7F0067D47D /* SettingViewController.swift */ = {isa = PBXFileReference; lastKnownFileType = sourcecode.swift; path = SettingViewController.swift; sourceTree = "<group>"; };
		F6AE9D3725E0DC8E0067D47D /* TabBarController.swift */ = {isa = PBXFileReference; lastKnownFileType = sourcecode.swift; path = TabBarController.swift; sourceTree = "<group>"; };
		F6AE9D3A25E0E8EF0067D47D /* GoogleService-Info.plist */ = {isa = PBXFileReference; fileEncoding = 4; lastKnownFileType = text.plist.xml; path = "GoogleService-Info.plist"; sourceTree = "<group>"; };
		F6C878B0260B76E800E60BAD /* InputCommentController.swift */ = {isa = PBXFileReference; lastKnownFileType = sourcecode.swift; path = InputCommentController.swift; sourceTree = "<group>"; };
/* End PBXFileReference section */

/* Begin PBXFrameworksBuildPhase section */
		F6AE9D0425E0CD910067D47D /* Frameworks */ = {
			isa = PBXFrameworksBuildPhase;
			buildActionMask = 2147483647;
			files = (
				B1FBC5938FBCD45B91B5A9A1 /* Pods_Instagram.framework in Frameworks */,
			);
			runOnlyForDeploymentPostprocessing = 0;
		};
/* End PBXFrameworksBuildPhase section */

/* Begin PBXGroup section */
		0381B44A520DF6D3712EC766 /* Pods */ = {
			isa = PBXGroup;
			children = (
				B55A8D2222E05E257C86A7DF /* Pods-Instagram.debug.xcconfig */,
				F429F67715AE5AF7022FE016 /* Pods-Instagram.release.xcconfig */,
			);
			path = Pods;
			sourceTree = "<group>";
		};
		74DFD85206F1F0F776E9676B /* Frameworks */ = {
			isa = PBXGroup;
			children = (
				EAFE1C2B390FEBA410FD9504 /* Pods_Instagram.framework */,
			);
			name = Frameworks;
			sourceTree = "<group>";
		};
		F6AE9CFE25E0CD910067D47D = {
			isa = PBXGroup;
			children = (
				F6AE9D0925E0CD910067D47D /* Instagram */,
				F6AE9D0825E0CD910067D47D /* Products */,
				0381B44A520DF6D3712EC766 /* Pods */,
				74DFD85206F1F0F776E9676B /* Frameworks */,
			);
			sourceTree = "<group>";
		};
		F6AE9D0825E0CD910067D47D /* Products */ = {
			isa = PBXGroup;
			children = (
				F6AE9D0725E0CD910067D47D /* Instagram.app */,
			);
			name = Products;
			sourceTree = "<group>";
		};
		F6AE9D0925E0CD910067D47D /* Instagram */ = {
			isa = PBXGroup;
			children = (
				F6AE9D0A25E0CD910067D47D /* AppDelegate.swift */,
				F6AE9D0C25E0CD910067D47D /* SceneDelegate.swift */,
				F6AE9D1025E0CD910067D47D /* Main.storyboard */,
				F6C878B0260B76E800E60BAD /* InputCommentController.swift */,
				F6AE9D1325E0CD920067D47D /* Assets.xcassets */,
				F6AE9D1525E0CD920067D47D /* LaunchScreen.storyboard */,
				F6AE9D1825E0CD920067D47D /* Info.plist */,
				F6AE9D1F25E0CEEE0067D47D /* LoginViewController.swift */,
				F6AE9D2225E0CF020067D47D /* HomeViewController.swift */,
				F6AE9D3A25E0E8EF0067D47D /* GoogleService-Info.plist */,
				F6AE9D2525E0CF550067D47D /* ImageSelectViewController.swift */,
				F6AE9D2825E0CF690067D47D /* PostViewController.swift */,
				F6AE9D2B25E0CF7F0067D47D /* SettingViewController.swift */,
				F6AE9D3725E0DC8E0067D47D /* TabBarController.swift */,
				F6899A3925E1F0530035476C /* Const.swift */,
				F6899A3C25E288D60035476C /* postData.swift */,
				F6899A4325E28A670035476C /* PostTableViewCell.swift */,
				F6899A4425E28A670035476C /* PostTableViewCell.xib */,
			);
			path = Instagram;
			sourceTree = "<group>";
		};
/* End PBXGroup section */

/* Begin PBXNativeTarget section */
		F6AE9D0625E0CD910067D47D /* Instagram */ = {
			isa = PBXNativeTarget;
			buildConfigurationList = F6AE9D1B25E0CD920067D47D /* Build configuration list for PBXNativeTarget "Instagram" */;
			buildPhases = (
				A5B725CD3E38DC1EF542C0C1 /* [CP] Check Pods Manifest.lock */,
				F6AE9D0325E0CD910067D47D /* Sources */,
				F6AE9D0425E0CD910067D47D /* Frameworks */,
				F6AE9D0525E0CD910067D47D /* Resources */,
				772E87A8A3E360F12DE620F2 /* [CP] Embed Pods Frameworks */,
			);
			buildRules = (
			);
			dependencies = (
			);
			name = Instagram;
			productName = Instagram;
			productReference = F6AE9D0725E0CD910067D47D /* Instagram.app */;
			productType = "com.apple.product-type.application";
		};
/* End PBXNativeTarget section */

/* Begin PBXProject section */
		F6AE9CFF25E0CD910067D47D /* Project object */ = {
			isa = PBXProject;
			attributes = {
				LastSwiftUpdateCheck = 1220;
				LastUpgradeCheck = 1220;
				TargetAttributes = {
					F6AE9D0625E0CD910067D47D = {
						CreatedOnToolsVersion = 12.2;
					};
				};
			};
			buildConfigurationList = F6AE9D0225E0CD910067D47D /* Build configuration list for PBXProject "Instagram" */;
			compatibilityVersion = "Xcode 9.3";
			developmentRegion = en;
			hasScannedForEncodings = 0;
			knownRegions = (
				en,
				Base,
			);
			mainGroup = F6AE9CFE25E0CD910067D47D;
			productRefGroup = F6AE9D0825E0CD910067D47D /* Products */;
			projectDirPath = "";
			projectRoot = "";
			targets = (
				F6AE9D0625E0CD910067D47D /* Instagram */,
			);
		};
/* End PBXProject section */

/* Begin PBXResourcesBuildPhase section */
		F6AE9D0525E0CD910067D47D /* Resources */ = {
			isa = PBXResourcesBuildPhase;
			buildActionMask = 2147483647;
			files = (
				F6AE9D1725E0CD920067D47D /* LaunchScreen.storyboard in Resources */,
				F6899A4625E28A670035476C /* PostTableViewCell.xib in Resources */,
				F6AE9D3B25E0E8EF0067D47D /* GoogleService-Info.plist in Resources */,
				F6AE9D1425E0CD920067D47D /* Assets.xcassets in Resources */,
				F6AE9D1225E0CD910067D47D /* Main.storyboard in Resources */,
			);
			runOnlyForDeploymentPostprocessing = 0;
		};
/* End PBXResourcesBuildPhase section */

/* Begin PBXShellScriptBuildPhase section */
		772E87A8A3E360F12DE620F2 /* [CP] Embed Pods Frameworks */ = {
			isa = PBXShellScriptBuildPhase;
			buildActionMask = 2147483647;
			files = (
			);
			inputFileListPaths = (
				"${PODS_ROOT}/Target Support Files/Pods-Instagram/Pods-Instagram-frameworks-${CONFIGURATION}-input-files.xcfilelist",
			);
			name = "[CP] Embed Pods Frameworks";
			outputFileListPaths = (
				"${PODS_ROOT}/Target Support Files/Pods-Instagram/Pods-Instagram-frameworks-${CONFIGURATION}-output-files.xcfilelist",
			);
			runOnlyForDeploymentPostprocessing = 0;
			shellPath = /bin/sh;
			shellScript = "\"${PODS_ROOT}/Target Support Files/Pods-Instagram/Pods-Instagram-frameworks.sh\"\n";
			showEnvVarsInLog = 0;
		};
		A5B725CD3E38DC1EF542C0C1 /* [CP] Check Pods Manifest.lock */ = {
			isa = PBXShellScriptBuildPhase;
			buildActionMask = 2147483647;
			files = (
			);
			inputFileListPaths = (
			);
			inputPaths = (
				"${PODS_PODFILE_DIR_PATH}/Podfile.lock",
				"${PODS_ROOT}/Manifest.lock",
			);
			name = "[CP] Check Pods Manifest.lock";
			outputFileListPaths = (
			);
			outputPaths = (
				"$(DERIVED_FILE_DIR)/Pods-Instagram-checkManifestLockResult.txt",
			);
			runOnlyForDeploymentPostprocessing = 0;
			shellPath = /bin/sh;
			shellScript = "diff \"${PODS_PODFILE_DIR_PATH}/Podfile.lock\" \"${PODS_ROOT}/Manifest.lock\" > /dev/null\nif [ $? != 0 ] ; then\n    # print error to STDERR\n    echo \"error: The sandbox is not in sync with the Podfile.lock. Run 'pod install' or update your CocoaPods installation.\" >&2\n    exit 1\nfi\n# This output is used by Xcode 'outputs' to avoid re-running this script phase.\necho \"SUCCESS\" > \"${SCRIPT_OUTPUT_FILE_0}\"\n";
			showEnvVarsInLog = 0;
		};
/* End PBXShellScriptBuildPhase section */

/* Begin PBXSourcesBuildPhase section */
		F6AE9D0325E0CD910067D47D /* Sources */ = {
			isa = PBXSourcesBuildPhase;
			buildActionMask = 2147483647;
			files = (
				F6899A4525E28A670035476C /* PostTableViewCell.swift in Sources */,
				F6AE9D2625E0CF550067D47D /* ImageSelectViewController.swift in Sources */,
				F6AE9D3825E0DC8E0067D47D /* TabBarController.swift in Sources */,
				F6AE9D2325E0CF020067D47D /* HomeViewController.swift in Sources */,
				F6AE9D2925E0CF690067D47D /* PostViewController.swift in Sources */,
				F6AE9D2C25E0CF7F0067D47D /* SettingViewController.swift in Sources */,
				F6C878B1260B76E800E60BAD /* InputCommentController.swift in Sources */,
				F6899A3D25E288D60035476C /* postData.swift in Sources */,
				F6AE9D2025E0CEEE0067D47D /* LoginViewController.swift in Sources */,
				F6AE9D0B25E0CD910067D47D /* AppDelegate.swift in Sources */,
				F6AE9D0D25E0CD910067D47D /* SceneDelegate.swift in Sources */,
				F6899A3A25E1F0530035476C /* Const.swift in Sources */,
			);
			runOnlyForDeploymentPostprocessing = 0;
		};
/* End PBXSourcesBuildPhase section */

/* Begin PBXVariantGroup section */
		F6AE9D1025E0CD910067D47D /* Main.storyboard */ = {
			isa = PBXVariantGroup;
			children = (
				F6AE9D1125E0CD910067D47D /* Base */,
			);
			name = Main.storyboard;
			sourceTree = "<group>";
		};
		F6AE9D1525E0CD920067D47D /* LaunchScreen.storyboard */ = {
			isa = PBXVariantGroup;
			children = (
				F6AE9D1625E0CD920067D47D /* Base */,
			);
			name = LaunchScreen.storyboard;
			sourceTree = "<group>";
		};
/* End PBXVariantGroup section */

/* Begin XCBuildConfiguration section */
		F6AE9D1925E0CD920067D47D /* Debug */ = {
			isa = XCBuildConfiguration;
			buildSettings = {
				ALWAYS_SEARCH_USER_PATHS = NO;
				CLANG_ANALYZER_NONNULL = YES;
				CLANG_ANALYZER_NUMBER_OBJECT_CONVERSION = YES_AGGRESSIVE;
				CLANG_CXX_LANGUAGE_STANDARD = "gnu++14";
				CLANG_CXX_LIBRARY = "libc++";
				CLANG_ENABLE_MODULES = YES;
				CLANG_ENABLE_OBJC_ARC = YES;
				CLANG_ENABLE_OBJC_WEAK = YES;
				CLANG_WARN_BLOCK_CAPTURE_AUTORELEASING = YES;
				CLANG_WARN_BOOL_CONVERSION = YES;
				CLANG_WARN_COMMA = YES;
				CLANG_WARN_CONSTANT_CONVERSION = YES;
				CLANG_WARN_DEPRECATED_OBJC_IMPLEMENTATIONS = YES;
				CLANG_WARN_DIRECT_OBJC_ISA_USAGE = YES_ERROR;
				CLANG_WARN_DOCUMENTATION_COMMENTS = YES;
				CLANG_WARN_EMPTY_BODY = YES;
				CLANG_WARN_ENUM_CONVERSION = YES;
				CLANG_WARN_INFINITE_RECURSION = YES;
				CLANG_WARN_INT_CONVERSION = YES;
				CLANG_WARN_NON_LITERAL_NULL_CONVERSION = YES;
				CLANG_WARN_OBJC_IMPLICIT_RETAIN_SELF = YES;
				CLANG_WARN_OBJC_LITERAL_CONVERSION = YES;
				CLANG_WARN_OBJC_ROOT_CLASS = YES_ERROR;
				CLANG_WARN_QUOTED_INCLUDE_IN_FRAMEWORK_HEADER = YES;
				CLANG_WARN_RANGE_LOOP_ANALYSIS = YES;
				CLANG_WARN_STRICT_PROTOTYPES = YES;
				CLANG_WARN_SUSPICIOUS_MOVE = YES;
				CLANG_WARN_UNGUARDED_AVAILABILITY = YES_AGGRESSIVE;
				CLANG_WARN_UNREACHABLE_CODE = YES;
				CLANG_WARN__DUPLICATE_METHOD_MATCH = YES;
				COPY_PHASE_STRIP = NO;
				DEBUG_INFORMATION_FORMAT = dwarf;
				ENABLE_STRICT_OBJC_MSGSEND = YES;
				ENABLE_TESTABILITY = YES;
				GCC_C_LANGUAGE_STANDARD = gnu11;
				GCC_DYNAMIC_NO_PIC = NO;
				GCC_NO_COMMON_BLOCKS = YES;
				GCC_OPTIMIZATION_LEVEL = 0;
				GCC_PREPROCESSOR_DEFINITIONS = (
					"DEBUG=1",
					"$(inherited)",
				);
				GCC_WARN_64_TO_32_BIT_CONVERSION = YES;
				GCC_WARN_ABOUT_RETURN_TYPE = YES_ERROR;
				GCC_WARN_UNDECLARED_SELECTOR = YES;
				GCC_WARN_UNINITIALIZED_AUTOS = YES_AGGRESSIVE;
				GCC_WARN_UNUSED_FUNCTION = YES;
				GCC_WARN_UNUSED_VARIABLE = YES;
				IPHONEOS_DEPLOYMENT_TARGET = 14.2;
				MTL_ENABLE_DEBUG_INFO = INCLUDE_SOURCE;
				MTL_FAST_MATH = YES;
				ONLY_ACTIVE_ARCH = YES;
				SDKROOT = iphoneos;
				SWIFT_ACTIVE_COMPILATION_CONDITIONS = DEBUG;
				SWIFT_OPTIMIZATION_LEVEL = "-Onone";
			};
			name = Debug;
		};
		F6AE9D1A25E0CD920067D47D /* Release */ = {
			isa = XCBuildConfiguration;
			buildSettings = {
				ALWAYS_SEARCH_USER_PATHS = NO;
				CLANG_ANALYZER_NONNULL = YES;
				CLANG_ANALYZER_NUMBER_OBJECT_CONVERSION = YES_AGGRESSIVE;
				CLANG_CXX_LANGUAGE_STANDARD = "gnu++14";
				CLANG_CXX_LIBRARY = "libc++";
				CLANG_ENABLE_MODULES = YES;
				CLANG_ENABLE_OBJC_ARC = YES;
				CLANG_ENABLE_OBJC_WEAK = YES;
				CLANG_WARN_BLOCK_CAPTURE_AUTORELEASING = YES;
				CLANG_WARN_BOOL_CONVERSION = YES;
				CLANG_WARN_COMMA = YES;
				CLANG_WARN_CONSTANT_CONVERSION = YES;
				CLANG_WARN_DEPRECATED_OBJC_IMPLEMENTATIONS = YES;
				CLANG_WARN_DIRECT_OBJC_ISA_USAGE = YES_ERROR;
				CLANG_WARN_DOCUMENTATION_COMMENTS = YES;
				CLANG_WARN_EMPTY_BODY = YES;
				CLANG_WARN_ENUM_CONVERSION = YES;
				CLANG_WARN_INFINITE_RECURSION = YES;
				CLANG_WARN_INT_CONVERSION = YES;
				CLANG_WARN_NON_LITERAL_NULL_CONVERSION = YES;
				CLANG_WARN_OBJC_IMPLICIT_RETAIN_SELF = YES;
				CLANG_WARN_OBJC_LITERAL_CONVERSION = YES;
				CLANG_WARN_OBJC_ROOT_CLASS = YES_ERROR;
				CLANG_WARN_QUOTED_INCLUDE_IN_FRAMEWORK_HEADER = YES;
				CLANG_WARN_RANGE_LOOP_ANALYSIS = YES;
				CLANG_WARN_STRICT_PROTOTYPES = YES;
				CLANG_WARN_SUSPICIOUS_MOVE = YES;
				CLANG_WARN_UNGUARDED_AVAILABILITY = YES_AGGRESSIVE;
				CLANG_WARN_UNREACHABLE_CODE = YES;
				CLANG_WARN__DUPLICATE_METHOD_MATCH = YES;
				COPY_PHASE_STRIP = NO;
				DEBUG_INFORMATION_FORMAT = "dwarf-with-dsym";
				ENABLE_NS_ASSERTIONS = NO;
				ENABLE_STRICT_OBJC_MSGSEND = YES;
				GCC_C_LANGUAGE_STANDARD = gnu11;
				GCC_NO_COMMON_BLOCKS = YES;
				GCC_WARN_64_TO_32_BIT_CONVERSION = YES;
				GCC_WARN_ABOUT_RETURN_TYPE = YES_ERROR;
				GCC_WARN_UNDECLARED_SELECTOR = YES;
				GCC_WARN_UNINITIALIZED_AUTOS = YES_AGGRESSIVE;
				GCC_WARN_UNUSED_FUNCTION = YES;
				GCC_WARN_UNUSED_VARIABLE = YES;
				IPHONEOS_DEPLOYMENT_TARGET = 14.2;
				MTL_ENABLE_DEBUG_INFO = NO;
				MTL_FAST_MATH = YES;
				SDKROOT = iphoneos;
				SWIFT_COMPILATION_MODE = wholemodule;
				SWIFT_OPTIMIZATION_LEVEL = "-O";
				VALIDATE_PRODUCT = YES;
			};
			name = Release;
		};
		F6AE9D1C25E0CD920067D47D /* Debug */ = {
			isa = XCBuildConfiguration;
			baseConfigurationReference = B55A8D2222E05E257C86A7DF /* Pods-Instagram.debug.xcconfig */;
			buildSettings = {
				ASSETCATALOG_COMPILER_APPICON_NAME = AppIcon;
				ASSETCATALOG_COMPILER_GLOBAL_ACCENT_COLOR_NAME = AccentColor;
				CODE_SIGN_STYLE = Automatic;
				INFOPLIST_FILE = Instagram/Info.plist;
				LD_RUNPATH_SEARCH_PATHS = (
					"$(inherited)",
					"@executable_path/Frameworks",
				);
				PRODUCT_BUNDLE_IDENTIFIER = jp.techacademy.hiroshi.tokudomi.Instagram;
				PRODUCT_NAME = "$(TARGET_NAME)";
				SWIFT_VERSION = 5.0;
				TARGETED_DEVICE_FAMILY = "1,2";
			};
			name = Debug;
		};
		F6AE9D1D25E0CD920067D47D /* Release */ = {
			isa = XCBuildConfiguration;
			baseConfigurationReference = F429F67715AE5AF7022FE016 /* Pods-Instagram.release.xcconfig */;
			buildSettings = {
				ASSETCATALOG_COMPILER_APPICON_NAME = AppIcon;
				ASSETCATALOG_COMPILER_GLOBAL_ACCENT_COLOR_NAME = AccentColor;
				CODE_SIGN_STYLE = Automatic;
				INFOPLIST_FILE = Instagram/Info.plist;
				LD_RUNPATH_SEARCH_PATHS = (
					"$(inherited)",
					"@executable_path/Frameworks",
				);
				PRODUCT_BUNDLE_IDENTIFIER = jp.techacademy.hiroshi.tokudomi.Instagram;
				PRODUCT_NAME = "$(TARGET_NAME)";
				SWIFT_VERSION = 5.0;
				TARGETED_DEVICE_FAMILY = "1,2";
			};
			name = Release;
		};
/* End XCBuildConfiguration section */

/* Begin XCConfigurationList section */
		F6AE9D0225E0CD910067D47D /* Build configuration list for PBXProject "Instagram" */ = {
			isa = XCConfigurationList;
			buildConfigurations = (
				F6AE9D1925E0CD920067D47D /* Debug */,
				F6AE9D1A25E0CD920067D47D /* Release */,
			);
			defaultConfigurationIsVisible = 0;
			defaultConfigurationName = Release;
		};
		F6AE9D1B25E0CD920067D47D /* Build configuration list for PBXNativeTarget "Instagram" */ = {
			isa = XCConfigurationList;
			buildConfigurations = (
				F6AE9D1C25E0CD920067D47D /* Debug */,
				F6AE9D1D25E0CD920067D47D /* Release */,
			);
			defaultConfigurationIsVisible = 0;
			defaultConfigurationName = Release;
		};
/* End XCConfigurationList section */
	};
	rootObject = F6AE9CFF25E0CD910067D47D /* Project object */;
}
